
Microsoft Visual Studio Solution File, Format Version 12.00
# Visual Studio Version 16
VisualStudioVersion = 16.0.30804.86
MinimumVisualStudioVersion = 10.0.40219.1
Project("{9A19103F-16F7-4668-BE54-9A1E7A4F7556}") = "WebApplication", "WebApplication\WebApplication.csproj", "{3A9297F5-594D-4F1F-B9A0-5F7FCD50DDBE}"
EndProject
Project("{9A19103F-16F7-4668-BE54-9A1E7A4F7556}") = "Services", "Services\Services.csproj", "{83943948-E119-43C0-B7A2-926808207EA8}"
EndProject
Project("{9A19103F-16F7-4668-BE54-9A1E7A4F7556}") = "Repositories", "Repositories\Repositories.csproj", "{BF2A9E4E-0710-4651-A4B5-43680578AF18}"
EndProject
Project("{9A19103F-16F7-4668-BE54-9A1E7A4F7556}") = "Entities", "Entities\Entities.csproj", "{57C8B2FE-01A9-4E86-AC23-66D787439CD7}"
EndProject
Global
	GlobalSection(SolutionConfigurationPlatforms) = preSolution
		Debug|Any CPU = Debug|Any CPU
		Release|Any CPU = Release|Any CPU
	EndGlobalSection
	GlobalSection(ProjectConfigurationPlatforms) = postSolution
		{3A9297F5-594D-4F1F-B9A0-5F7FCD50DDBE}.Debug|Any CPU.ActiveCfg = Debug|Any CPU
		{3A9297F5-594D-4F1F-B9A0-5F7FCD50DDBE}.Debug|Any CPU.Build.0 = Debug|Any CPU
		{3A9297F5-594D-4F1F-B9A0-5F7FCD50DDBE}.Release|Any CPU.ActiveCfg = Release|Any CPU
		{3A9297F5-594D-4F1F-B9A0-5F7FCD50DDBE}.Release|Any CPU.Build.0 = Release|Any CPU
		{83943948-E119-43C0-B7A2-926808207EA8}.Debug|Any CPU.ActiveCfg = Debug|Any CPU
		{83943948-E119-43C0-B7A2-926808207EA8}.Debug|Any CPU.Build.0 = Debug|Any CPU
		{83943948-E119-43C0-B7A2-926808207EA8}.Release|Any CPU.ActiveCfg = Release|Any CPU
		{83943948-E119-43C0-B7A2-926808207EA8}.Release|Any CPU.Build.0 = Release|Any CPU
		{BF2A9E4E-0710-4651-A4B5-43680578AF18}.Debug|Any CPU.ActiveCfg = Debug|Any CPU
		{BF2A9E4E-0710-4651-A4B5-43680578AF18}.Debug|Any CPU.Build.0 = Debug|Any CPU
		{BF2A9E4E-0710-4651-A4B5-43680578AF18}.Release|Any CPU.ActiveCfg = Release|Any CPU
		{BF2A9E4E-0710-4651-A4B5-43680578AF18}.Release|Any CPU.Build.0 = Release|Any CPU
		{57C8B2FE-01A9-4E86-AC23-66D787439CD7}.Debug|Any CPU.ActiveCfg = Debug|Any CPU
		{57C8B2FE-01A9-4E86-AC23-66D787439CD7}.Debug|Any CPU.Build.0 = Debug|Any CPU
		{57C8B2FE-01A9-4E86-AC23-66D787439CD7}.Release|Any CPU.ActiveCfg = Release|Any CPU
		{57C8B2FE-01A9-4E86-AC23-66D787439CD7}.Release|Any CPU.Build.0 = Release|Any CPU
	EndGlobalSection
	GlobalSection(SolutionProperties) = preSolution
		HideSolutionNode = FALSE
	EndGlobalSection
	GlobalSection(ExtensibilityGlobals) = postSolution
		SolutionGuid = {CB54CA78-3090-4BC9-BB7A-F4A9BDD2144E}
	EndGlobalSection
EndGlobal
