
Microsoft Visual Studio Solution File, Format Version 12.00
# Visual Studio Version 16
VisualStudioVersion = 16.0.30804.86
MinimumVisualStudioVersion = 10.0.40219.1
Project("{FAE04EC0-301F-11D3-BF4B-00C04F79EFBC}") = "WebApplication", "WebApplication\WebApplication.csproj", "{3A9297F5-594D-4F1F-B9A0-5F7FCD50DDBE}"
EndProject
Project("{FAE04EC0-301F-11D3-BF4B-00C04F79EFBC}") = "Services", "Services\Services.csproj", "{83943948-E119-43C0-B7A2-926808207EA8}"
EndProject
Project("{FAE04EC0-301F-11D3-BF4B-00C04F79EFBC}") = "Repositories", "Repositories\Repositories.csproj", "{BF2A9E4E-0710-4651-A4B5-43680578AF18}"
EndProject
Project("{FAE04EC0-301F-11D3-BF4B-00C04F79EFBC}") = "Entities", "Entities\Entities.csproj", "{57C8B2FE-01A9-4E86-AC23-66D787439CD7}"
EndProject
Project("{FAE04EC0-301F-11D3-BF4B-00C04F79EFBC}") = "DataAccess", "DataAccess\DataAccess.csproj", "{70A791FF-A6FF-4C58-8FD2-E0FBD3407786}"
EndProject
Global
	GlobalSection(SolutionConfigurationPlatforms) = preSolution
		Debug|Any CPU = Debug|Any CPU
		Release|Any CPU = Release|Any CPU
	EndGlobalSection
	GlobalSection(ProjectConfigurationPlatforms) = postSolution
		{3A9297F5-594D-4F1F-B9A0-5F7FCD50DDBE}.Debug|Any CPU.ActiveCfg = Debug|Any CPU
		{3A9297F5-594D-4F1F-B9A0-5F7FCD50DDBE}.Debug|Any CPU.Build.0 = Debug|Any CPU
		{3A9297F5-594D-4F1F-B9A0-5F7FCD50DDBE}.Release|Any CPU.ActiveCfg = Release|Any CPU
		{3A9297F5-594D-4F1F-B9A0-5F7FCD50DDBE}.Release|Any CPU.Build.0 = Release|Any CPU
		{83943948-E119-43C0-B7A2-926808207EA8}.Debug|Any CPU.ActiveCfg = Debug|Any CPU
		{83943948-E119-43C0-B7A2-926808207EA8}.Debug|Any CPU.Build.0 = Debug|Any CPU
		{83943948-E119-43C0-B7A2-926808207EA8}.Release|Any CPU.ActiveCfg = Release|Any CPU
		{83943948-E119-43C0-B7A2-926808207EA8}.Release|Any CPU.Build.0 = Release|Any CPU
		{BF2A9E4E-0710-4651-A4B5-43680578AF18}.Debug|Any CPU.ActiveCfg = Debug|Any CPU
		{BF2A9E4E-0710-4651-A4B5-43680578AF18}.Debug|Any CPU.Build.0 = Debug|Any CPU
		{BF2A9E4E-0710-4651-A4B5-43680578AF18}.Release|Any CPU.ActiveCfg = Release|Any CPU
		{BF2A9E4E-0710-4651-A4B5-43680578AF18}.Release|Any CPU.Build.0 = Release|Any CPU
		{57C8B2FE-01A9-4E86-AC23-66D787439CD7}.Debug|Any CPU.ActiveCfg = Debug|Any CPU
		{57C8B2FE-01A9-4E86-AC23-66D787439CD7}.Debug|Any CPU.Build.0 = Debug|Any CPU
		{57C8B2FE-01A9-4E86-AC23-66D787439CD7}.Release|Any CPU.ActiveCfg = Release|Any CPU
		{57C8B2FE-01A9-4E86-AC23-66D787439CD7}.Release|Any CPU.Build.0 = Release|Any CPU
		{70A791FF-A6FF-4C58-8FD2-E0FBD3407786}.Debug|Any CPU.ActiveCfg = Debug|Any CPU
		{70A791FF-A6FF-4C58-8FD2-E0FBD3407786}.Debug|Any CPU.Build.0 = Debug|Any CPU
		{70A791FF-A6FF-4C58-8FD2-E0FBD3407786}.Release|Any CPU.ActiveCfg = Release|Any CPU
		{70A791FF-A6FF-4C58-8FD2-E0FBD3407786}.Release|Any CPU.Build.0 = Release|Any CPU
	EndGlobalSection
	GlobalSection(SolutionProperties) = preSolution
		HideSolutionNode = FALSE
	EndGlobalSection
	GlobalSection(ExtensibilityGlobals) = postSolution
		SolutionGuid = {CB54CA78-3090-4BC9-BB7A-F4A9BDD2144E}
	EndGlobalSection
EndGlobal
